
Microsoft Visual Studio Solution File, Format Version 12.00
# Visual Studio Version 17
VisualStudioVersion = 17.4.33213.308
MinimumVisualStudioVersion = 10.0.40219.1
Project("{FAE04EC0-301F-11D3-BF4B-00C04F79EFBC}") = "SocialNetwork", "SocialNetwork\SocialNetwork.csproj", "{2ACD2005-DD0A-448C-B317-21156EDFFEB0}"
EndProject
Global
	GlobalSection(SolutionConfigurationPlatforms) = preSolution
		Debug|Any CPU = Debug|Any CPU
		Release|Any CPU = Release|Any CPU
	EndGlobalSection
	GlobalSection(ProjectConfigurationPlatforms) = postSolution
		{2ACD2005-DD0A-448C-B317-21156EDFFEB0}.Debug|Any CPU.ActiveCfg = Debug|Any CPU
		{2ACD2005-DD0A-448C-B317-21156EDFFEB0}.Debug|Any CPU.Build.0 = Debug|Any CPU
		{2ACD2005-DD0A-448C-B317-21156EDFFEB0}.Release|Any CPU.ActiveCfg = Release|Any CPU
		{2ACD2005-DD0A-448C-B317-21156EDFFEB0}.Release|Any CPU.Build.0 = Release|Any CPU
	EndGlobalSection
	GlobalSection(SolutionProperties) = preSolution
		HideSolutionNode = FALSE
	EndGlobalSection
	GlobalSection(ExtensibilityGlobals) = postSolution
		SolutionGuid = {25D17336-AB2B-4811-AE8F-E0A15AC0855A}
	EndGlobalSection
EndGlobal
